
Microsoft Visual Studio Solution File, Format Version 12.00
# Visual Studio Version 17
VisualStudioVersion = 17.0.31903.59
MinimumVisualStudioVersion = 10.0.40219.1
Project("{FAE04EC0-301F-11D3-BF4B-00C04F79EFBC}") = "TestFlow.Domain", "TestFlow.Domain\TestFlow.Domain.csproj", "{DE0A7D54-FC88-44D8-A2F9-5A9DD0BE3D62}"
EndProject
Project("{FAE04EC0-301F-11D3-BF4B-00C04F79EFBC}") = "TestFlow.Tests", "TestFlow.Tests\TestFlow.Tests.csproj", "{B5EBCDB7-5A8F-445E-92C8-479549D6718D}"
EndProject
Project("{FAE04EC0-301F-11D3-BF4B-00C04F79EFBC}") = "TestFlow.Api", "TestFlow.Api\TestFlow.Api.csproj", "{C9134E78-B59B-4915-B076-7EFA88B4DDE8}"
EndProject
Global
	GlobalSection(SolutionConfigurationPlatforms) = preSolution
		Debug|Any CPU = Debug|Any CPU
		Debug|x64 = Debug|x64
		Debug|x86 = Debug|x86
		Release|Any CPU = Release|Any CPU
		Release|x64 = Release|x64
		Release|x86 = Release|x86
	EndGlobalSection
	GlobalSection(ProjectConfigurationPlatforms) = postSolution
		{DE0A7D54-FC88-44D8-A2F9-5A9DD0BE3D62}.Debug|Any CPU.ActiveCfg = Debug|Any CPU
		{DE0A7D54-FC88-44D8-A2F9-5A9DD0BE3D62}.Debug|Any CPU.Build.0 = Debug|Any CPU
		{DE0A7D54-FC88-44D8-A2F9-5A9DD0BE3D62}.Debug|x64.ActiveCfg = Debug|Any CPU
		{DE0A7D54-FC88-44D8-A2F9-5A9DD0BE3D62}.Debug|x64.Build.0 = Debug|Any CPU
		{DE0A7D54-FC88-44D8-A2F9-5A9DD0BE3D62}.Debug|x86.ActiveCfg = Debug|Any CPU
		{DE0A7D54-FC88-44D8-A2F9-5A9DD0BE3D62}.Debug|x86.Build.0 = Debug|Any CPU
		{DE0A7D54-FC88-44D8-A2F9-5A9DD0BE3D62}.Release|Any CPU.ActiveCfg = Release|Any CPU
		{DE0A7D54-FC88-44D8-A2F9-5A9DD0BE3D62}.Release|Any CPU.Build.0 = Release|Any CPU
		{DE0A7D54-FC88-44D8-A2F9-5A9DD0BE3D62}.Release|x64.ActiveCfg = Release|Any CPU
		{DE0A7D54-FC88-44D8-A2F9-5A9DD0BE3D62}.Release|x64.Build.0 = Release|Any CPU
		{DE0A7D54-FC88-44D8-A2F9-5A9DD0BE3D62}.Release|x86.ActiveCfg = Release|Any CPU
		{DE0A7D54-FC88-44D8-A2F9-5A9DD0BE3D62}.Release|x86.Build.0 = Release|Any CPU
		{B5EBCDB7-5A8F-445E-92C8-479549D6718D}.Debug|Any CPU.ActiveCfg = Debug|Any CPU
		{B5EBCDB7-5A8F-445E-92C8-479549D6718D}.Debug|Any CPU.Build.0 = Debug|Any CPU
		{B5EBCDB7-5A8F-445E-92C8-479549D6718D}.Debug|x64.ActiveCfg = Debug|Any CPU
		{B5EBCDB7-5A8F-445E-92C8-479549D6718D}.Debug|x64.Build.0 = Debug|Any CPU
		{B5EBCDB7-5A8F-445E-92C8-479549D6718D}.Debug|x86.ActiveCfg = Debug|Any CPU
		{B5EBCDB7-5A8F-445E-92C8-479549D6718D}.Debug|x86.Build.0 = Debug|Any CPU
		{B5EBCDB7-5A8F-445E-92C8-479549D6718D}.Release|Any CPU.ActiveCfg = Release|Any CPU
		{B5EBCDB7-5A8F-445E-92C8-479549D6718D}.Release|Any CPU.Build.0 = Release|Any CPU
		{B5EBCDB7-5A8F-445E-92C8-479549D6718D}.Release|x64.ActiveCfg = Release|Any CPU
		{B5EBCDB7-5A8F-445E-92C8-479549D6718D}.Release|x64.Build.0 = Release|Any CPU
		{B5EBCDB7-5A8F-445E-92C8-479549D6718D}.Release|x86.ActiveCfg = Release|Any CPU
		{B5EBCDB7-5A8F-445E-92C8-479549D6718D}.Release|x86.Build.0 = Release|Any CPU
		{C9134E78-B59B-4915-B076-7EFA88B4DDE8}.Debug|Any CPU.ActiveCfg = Debug|Any CPU
		{C9134E78-B59B-4915-B076-7EFA88B4DDE8}.Debug|Any CPU.Build.0 = Debug|Any CPU
		{C9134E78-B59B-4915-B076-7EFA88B4DDE8}.Debug|x64.ActiveCfg = Debug|Any CPU
		{C9134E78-B59B-4915-B076-7EFA88B4DDE8}.Debug|x64.Build.0 = Debug|Any CPU
		{C9134E78-B59B-4915-B076-7EFA88B4DDE8}.Debug|x86.ActiveCfg = Debug|Any CPU
		{C9134E78-B59B-4915-B076-7EFA88B4DDE8}.Debug|x86.Build.0 = Debug|Any CPU
		{C9134E78-B59B-4915-B076-7EFA88B4DDE8}.Release|Any CPU.ActiveCfg = Release|Any CPU
		{C9134E78-B59B-4915-B076-7EFA88B4DDE8}.Release|Any CPU.Build.0 = Release|Any CPU
		{C9134E78-B59B-4915-B076-7EFA88B4DDE8}.Release|x64.ActiveCfg = Release|Any CPU
		{C9134E78-B59B-4915-B076-7EFA88B4DDE8}.Release|x64.Build.0 = Release|Any CPU
		{C9134E78-B59B-4915-B076-7EFA88B4DDE8}.Release|x86.ActiveCfg = Release|Any CPU
		{C9134E78-B59B-4915-B076-7EFA88B4DDE8}.Release|x86.Build.0 = Release|Any CPU
	EndGlobalSection
	GlobalSection(SolutionProperties) = preSolution
		HideSolutionNode = FALSE
	EndGlobalSection
EndGlobal
